// !$*UTF8*$!
{
	archiveVersion = 1;
	classes = {
	};
	objectVersion = 55;
	objects = {

/* Begin PBXBuildFile section */
		E536B1312786948C004DAEAF /* ConfigurationOption.swift in Sources */ = {isa = PBXBuildFile; fileRef = E536B1302786948C004DAEAF /* ConfigurationOption.swift */; };
		E536B1332786B4CC004DAEAF /* Serving.swift in Sources */ = {isa = PBXBuildFile; fileRef = E536B1322786B4CC004DAEAF /* Serving.swift */; };
		E536B1352786BD22004DAEAF /* FileManager-DocumentDirectory.swift in Sources */ = {isa = PBXBuildFile; fileRef = E536B1342786BD22004DAEAF /* FileManager-DocumentDirectory.swift */; };
		E536B1372786BFB2004DAEAF /* History.swift in Sources */ = {isa = PBXBuildFile; fileRef = E536B1362786BFB2004DAEAF /* History.swift */; };
		E595A5EA2774465200B6028C /* SwiftUILearnApp.swift in Sources */ = {isa = PBXBuildFile; fileRef = E595A5E92774465200B6028C /* SwiftUILearnApp.swift */; };
		E595A5EC2774465200B6028C /* ContentView.swift in Sources */ = {isa = PBXBuildFile; fileRef = E595A5EB2774465200B6028C /* ContentView.swift */; };
		E595A5EE2774465300B6028C /* Assets.xcassets in Resources */ = {isa = PBXBuildFile; fileRef = E595A5ED2774465300B6028C /* Assets.xcassets */; };
		E595A5F12774465300B6028C /* Preview Assets.xcassets in Resources */ = {isa = PBXBuildFile; fileRef = E595A5F02774465300B6028C /* Preview Assets.xcassets */; };
		E595A5F82774470600B6028C /* menu.json in Resources */ = {isa = PBXBuildFile; fileRef = E595A5F72774470600B6028C /* menu.json */; };
		E595A5FC27744A5700B6028C /* Drink.swift in Sources */ = {isa = PBXBuildFile; fileRef = E595A5FB27744A5700B6028C /* Drink.swift */; };
		E5B6220127744D0500650B02 /* MenuSection.swift in Sources */ = {isa = PBXBuildFile; fileRef = E5B6220027744D0500650B02 /* MenuSection.swift */; };
		E5B6220327744D5B00650B02 /* Menu.swift in Sources */ = {isa = PBXBuildFile; fileRef = E5B6220227744D5B00650B02 /* Menu.swift */; };
		E5B622052774544E00650B02 /* MenuView.swift in Sources */ = {isa = PBXBuildFile; fileRef = E5B622042774544E00650B02 /* MenuView.swift */; };
		E5F1C0AC2774644400CD3778 /* CustomizeView.swift in Sources */ = {isa = PBXBuildFile; fileRef = E5F1C0AB2774644400CD3778 /* CustomizeView.swift */; };
/* End PBXBuildFile section */

/* Begin PBXFileReference section */
		E536B1302786948C004DAEAF /* ConfigurationOption.swift */ = {isa = PBXFileReference; lastKnownFileType = sourcecode.swift; path = ConfigurationOption.swift; sourceTree = "<group>"; };
		E536B1322786B4CC004DAEAF /* Serving.swift */ = {isa = PBXFileReference; lastKnownFileType = sourcecode.swift; path = Serving.swift; sourceTree = "<group>"; };
		E536B1342786BD22004DAEAF /* FileManager-DocumentDirectory.swift */ = {isa = PBXFileReference; lastKnownFileType = sourcecode.swift; path = "FileManager-DocumentDirectory.swift"; sourceTree = "<group>"; };
		E536B1362786BFB2004DAEAF /* History.swift */ = {isa = PBXFileReference; lastKnownFileType = sourcecode.swift; path = History.swift; sourceTree = "<group>"; };
		E595A5E62774465200B6028C /* SwiftUILearn.app */ = {isa = PBXFileReference; explicitFileType = wrapper.application; includeInIndex = 0; path = SwiftUILearn.app; sourceTree = BUILT_PRODUCTS_DIR; };
		E595A5E92774465200B6028C /* SwiftUILearnApp.swift */ = {isa = PBXFileReference; lastKnownFileType = sourcecode.swift; path = SwiftUILearnApp.swift; sourceTree = "<group>"; };
		E595A5EB2774465200B6028C /* ContentView.swift */ = {isa = PBXFileReference; lastKnownFileType = sourcecode.swift; path = ContentView.swift; sourceTree = "<group>"; };
		E595A5ED2774465300B6028C /* Assets.xcassets */ = {isa = PBXFileReference; lastKnownFileType = folder.assetcatalog; path = Assets.xcassets; sourceTree = "<group>"; };
		E595A5F02774465300B6028C /* Preview Assets.xcassets */ = {isa = PBXFileReference; lastKnownFileType = folder.assetcatalog; path = "Preview Assets.xcassets"; sourceTree = "<group>"; };
		E595A5F72774470600B6028C /* menu.json */ = {isa = PBXFileReference; fileEncoding = 4; lastKnownFileType = text.json; path = menu.json; sourceTree = "<group>"; };
		E595A5FB27744A5700B6028C /* Drink.swift */ = {isa = PBXFileReference; lastKnownFileType = sourcecode.swift; path = Drink.swift; sourceTree = "<group>"; };
		E5B6220027744D0500650B02 /* MenuSection.swift */ = {isa = PBXFileReference; lastKnownFileType = sourcecode.swift; path = MenuSection.swift; sourceTree = "<group>"; };
		E5B6220227744D5B00650B02 /* Menu.swift */ = {isa = PBXFileReference; lastKnownFileType = sourcecode.swift; path = Menu.swift; sourceTree = "<group>"; };
		E5B622042774544E00650B02 /* MenuView.swift */ = {isa = PBXFileReference; lastKnownFileType = sourcecode.swift; path = MenuView.swift; sourceTree = "<group>"; };
		E5F1C0AB2774644400CD3778 /* CustomizeView.swift */ = {isa = PBXFileReference; lastKnownFileType = sourcecode.swift; path = CustomizeView.swift; sourceTree = "<group>"; };
/* End PBXFileReference section */

/* Begin PBXFrameworksBuildPhase section */
		E595A5E32774465200B6028C /* Frameworks */ = {
			isa = PBXFrameworksBuildPhase;
			buildActionMask = 2147483647;
			files = (
			);
			runOnlyForDeploymentPostprocessing = 0;
		};
/* End PBXFrameworksBuildPhase section */

/* Begin PBXGroup section */
		E595A5DD2774465200B6028C = {
			isa = PBXGroup;
			children = (
				E595A5E82774465200B6028C /* SwiftUILearn */,
				E595A5E72774465200B6028C /* Products */,
			);
			sourceTree = "<group>";
		};
		E595A5E72774465200B6028C /* Products */ = {
			isa = PBXGroup;
			children = (
				E595A5E62774465200B6028C /* SwiftUILearn.app */,
			);
			name = Products;
			sourceTree = "<group>";
		};
		E595A5E82774465200B6028C /* SwiftUILearn */ = {
			isa = PBXGroup;
			children = (
				E595A5E92774465200B6028C /* SwiftUILearnApp.swift */,
				E595A5EB2774465200B6028C /* ContentView.swift */,
				E536B1322786B4CC004DAEAF /* Serving.swift */,
				E536B1342786BD22004DAEAF /* FileManager-DocumentDirectory.swift */,
				E536B1362786BFB2004DAEAF /* History.swift */,
				E5F1C0AB2774644400CD3778 /* CustomizeView.swift */,
				E5B622042774544E00650B02 /* MenuView.swift */,
				E595A5F72774470600B6028C /* menu.json */,
				E595A5ED2774465300B6028C /* Assets.xcassets */,
				E595A5FB27744A5700B6028C /* Drink.swift */,
				E536B1302786948C004DAEAF /* ConfigurationOption.swift */,
				E5B6220027744D0500650B02 /* MenuSection.swift */,
				E5B6220227744D5B00650B02 /* Menu.swift */,
				E595A5EF2774465300B6028C /* Preview Content */,
			);
			path = SwiftUILearn;
			sourceTree = "<group>";
		};
		E595A5EF2774465300B6028C /* Preview Content */ = {
			isa = PBXGroup;
			children = (
				E595A5F02774465300B6028C /* Preview Assets.xcassets */,
			);
			path = "Preview Content";
			sourceTree = "<group>";
		};
/* End PBXGroup section */

/* Begin PBXNativeTarget section */
		E595A5E52774465200B6028C /* SwiftUILearn */ = {
			isa = PBXNativeTarget;
			buildConfigurationList = E595A5F42774465300B6028C /* Build configuration list for PBXNativeTarget "SwiftUILearn" */;
			buildPhases = (
				E595A5E22774465200B6028C /* Sources */,
				E595A5E32774465200B6028C /* Frameworks */,
				E595A5E42774465200B6028C /* Resources */,
			);
			buildRules = (
			);
			dependencies = (
			);
			name = SwiftUILearn;
			productName = SwiftUILearn;
			productReference = E595A5E62774465200B6028C /* SwiftUILearn.app */;
			productType = "com.apple.product-type.application";
		};
/* End PBXNativeTarget section */

/* Begin PBXProject section */
		E595A5DE2774465200B6028C /* Project object */ = {
			isa = PBXProject;
			attributes = {
				BuildIndependentTargetsInParallel = 1;
				LastSwiftUpdateCheck = 1320;
				LastUpgradeCheck = 1320;
				TargetAttributes = {
					E595A5E52774465200B6028C = {
						CreatedOnToolsVersion = 13.2.1;
					};
				};
			};
			buildConfigurationList = E595A5E12774465200B6028C /* Build configuration list for PBXProject "SwiftUILearn" */;
			compatibilityVersion = "Xcode 13.0";
			developmentRegion = en;
			hasScannedForEncodings = 0;
			knownRegions = (
				en,
				Base,
			);
			mainGroup = E595A5DD2774465200B6028C;
			productRefGroup = E595A5E72774465200B6028C /* Products */;
			projectDirPath = "";
			projectRoot = "";
			targets = (
				E595A5E52774465200B6028C /* SwiftUILearn */,
			);
		};
/* End PBXProject section */

/* Begin PBXResourcesBuildPhase section */
		E595A5E42774465200B6028C /* Resources */ = {
			isa = PBXResourcesBuildPhase;
			buildActionMask = 2147483647;
			files = (
				E595A5F82774470600B6028C /* menu.json in Resources */,
				E595A5F12774465300B6028C /* Preview Assets.xcassets in Resources */,
				E595A5EE2774465300B6028C /* Assets.xcassets in Resources */,
			);
			runOnlyForDeploymentPostprocessing = 0;
		};
/* End PBXResourcesBuildPhase section */

/* Begin PBXSourcesBuildPhase section */
		E595A5E22774465200B6028C /* Sources */ = {
			isa = PBXSourcesBuildPhase;
			buildActionMask = 2147483647;
			files = (
				E595A5EC2774465200B6028C /* ContentView.swift in Sources */,
				E5B622052774544E00650B02 /* MenuView.swift in Sources */,
				E536B1352786BD22004DAEAF /* FileManager-DocumentDirectory.swift in Sources */,
				E536B1372786BFB2004DAEAF /* History.swift in Sources */,
				E595A5FC27744A5700B6028C /* Drink.swift in Sources */,
				E5B6220127744D0500650B02 /* MenuSection.swift in Sources */,
				E595A5EA2774465200B6028C /* SwiftUILearnApp.swift in Sources */,
				E536B1312786948C004DAEAF /* ConfigurationOption.swift in Sources */,
				E5F1C0AC2774644400CD3778 /* CustomizeView.swift in Sources */,
				E5B6220327744D5B00650B02 /* Menu.swift in Sources */,
				E536B1332786B4CC004DAEAF /* Serving.swift in Sources */,
			);
			runOnlyForDeploymentPostprocessing = 0;
		};
/* End PBXSourcesBuildPhase section */

/* Begin XCBuildConfiguration section */
		E595A5F22774465300B6028C /* Debug */ = {
			isa = XCBuildConfiguration;
			buildSettings = {
				ALWAYS_SEARCH_USER_PATHS = NO;
				CLANG_ANALYZER_NONNULL = YES;
				CLANG_ANALYZER_NUMBER_OBJECT_CONVERSION = YES_AGGRESSIVE;
				CLANG_CXX_LANGUAGE_STANDARD = "gnu++17";
				CLANG_CXX_LIBRARY = "libc++";
				CLANG_ENABLE_MODULES = YES;
				CLANG_ENABLE_OBJC_ARC = YES;
				CLANG_ENABLE_OBJC_WEAK = YES;
				CLANG_WARN_BLOCK_CAPTURE_AUTORELEASING = YES;
				CLANG_WARN_BOOL_CONVERSION = YES;
				CLANG_WARN_COMMA = YES;
				CLANG_WARN_CONSTANT_CONVERSION = YES;
				CLANG_WARN_DEPRECATED_OBJC_IMPLEMENTATIONS = YES;
				CLANG_WARN_DIRECT_OBJC_ISA_USAGE = YES_ERROR;
				CLANG_WARN_DOCUMENTATION_COMMENTS = YES;
				CLANG_WARN_EMPTY_BODY = YES;
				CLANG_WARN_ENUM_CONVERSION = YES;
				CLANG_WARN_INFINITE_RECURSION = YES;
				CLANG_WARN_INT_CONVERSION = YES;
				CLANG_WARN_NON_LITERAL_NULL_CONVERSION = YES;
				CLANG_WARN_OBJC_IMPLICIT_RETAIN_SELF = YES;
				CLANG_WARN_OBJC_LITERAL_CONVERSION = YES;
				CLANG_WARN_OBJC_ROOT_CLASS = YES_ERROR;
				CLANG_WARN_QUOTED_INCLUDE_IN_FRAMEWORK_HEADER = YES;
				CLANG_WARN_RANGE_LOOP_ANALYSIS = YES;
				CLANG_WARN_STRICT_PROTOTYPES = YES;
				CLANG_WARN_SUSPICIOUS_MOVE = YES;
				CLANG_WARN_UNGUARDED_AVAILABILITY = YES_AGGRESSIVE;
				CLANG_WARN_UNREACHABLE_CODE = YES;
				CLANG_WARN__DUPLICATE_METHOD_MATCH = YES;
				COPY_PHASE_STRIP = NO;
				DEBUG_INFORMATION_FORMAT = dwarf;
				ENABLE_STRICT_OBJC_MSGSEND = YES;
				ENABLE_TESTABILITY = YES;
				GCC_C_LANGUAGE_STANDARD = gnu11;
				GCC_DYNAMIC_NO_PIC = NO;
				GCC_NO_COMMON_BLOCKS = YES;
				GCC_OPTIMIZATION_LEVEL = 0;
				GCC_PREPROCESSOR_DEFINITIONS = (
					"DEBUG=1",
					"$(inherited)",
				);
				GCC_WARN_64_TO_32_BIT_CONVERSION = YES;
				GCC_WARN_ABOUT_RETURN_TYPE = YES_ERROR;
				GCC_WARN_UNDECLARED_SELECTOR = YES;
				GCC_WARN_UNINITIALIZED_AUTOS = YES_AGGRESSIVE;
				GCC_WARN_UNUSED_FUNCTION = YES;
				GCC_WARN_UNUSED_VARIABLE = YES;
				IPHONEOS_DEPLOYMENT_TARGET = 15.2;
				MTL_ENABLE_DEBUG_INFO = INCLUDE_SOURCE;
				MTL_FAST_MATH = YES;
				ONLY_ACTIVE_ARCH = YES;
				SDKROOT = iphoneos;
				SWIFT_ACTIVE_COMPILATION_CONDITIONS = DEBUG;
				SWIFT_OPTIMIZATION_LEVEL = "-Onone";
			};
			name = Debug;
		};
		E595A5F32774465300B6028C /* Release */ = {
			isa = XCBuildConfiguration;
			buildSettings = {
				ALWAYS_SEARCH_USER_PATHS = NO;
				CLANG_ANALYZER_NONNULL = YES;
				CLANG_ANALYZER_NUMBER_OBJECT_CONVERSION = YES_AGGRESSIVE;
				CLANG_CXX_LANGUAGE_STANDARD = "gnu++17";
				CLANG_CXX_LIBRARY = "libc++";
				CLANG_ENABLE_MODULES = YES;
				CLANG_ENABLE_OBJC_ARC = YES;
				CLANG_ENABLE_OBJC_WEAK = YES;
				CLANG_WARN_BLOCK_CAPTURE_AUTORELEASING = YES;
				CLANG_WARN_BOOL_CONVERSION = YES;
				CLANG_WARN_COMMA = YES;
				CLANG_WARN_CONSTANT_CONVERSION = YES;
				CLANG_WARN_DEPRECATED_OBJC_IMPLEMENTATIONS = YES;
				CLANG_WARN_DIRECT_OBJC_ISA_USAGE = YES_ERROR;
				CLANG_WARN_DOCUMENTATION_COMMENTS = YES;
				CLANG_WARN_EMPTY_BODY = YES;
				CLANG_WARN_ENUM_CONVERSION = YES;
				CLANG_WARN_INFINITE_RECURSION = YES;
				CLANG_WARN_INT_CONVERSION = YES;
				CLANG_WARN_NON_LITERAL_NULL_CONVERSION = YES;
				CLANG_WARN_OBJC_IMPLICIT_RETAIN_SELF = YES;
				CLANG_WARN_OBJC_LITERAL_CONVERSION = YES;
				CLANG_WARN_OBJC_ROOT_CLASS = YES_ERROR;
				CLANG_WARN_QUOTED_INCLUDE_IN_FRAMEWORK_HEADER = YES;
				CLANG_WARN_RANGE_LOOP_ANALYSIS = YES;
				CLANG_WARN_STRICT_PROTOTYPES = YES;
				CLANG_WARN_SUSPICIOUS_MOVE = YES;
				CLANG_WARN_UNGUARDED_AVAILABILITY = YES_AGGRESSIVE;
				CLANG_WARN_UNREACHABLE_CODE = YES;
				CLANG_WARN__DUPLICATE_METHOD_MATCH = YES;
				COPY_PHASE_STRIP = NO;
				DEBUG_INFORMATION_FORMAT = "dwarf-with-dsym";
				ENABLE_NS_ASSERTIONS = NO;
				ENABLE_STRICT_OBJC_MSGSEND = YES;
				GCC_C_LANGUAGE_STANDARD = gnu11;
				GCC_NO_COMMON_BLOCKS = YES;
				GCC_WARN_64_TO_32_BIT_CONVERSION = YES;
				GCC_WARN_ABOUT_RETURN_TYPE = YES_ERROR;
				GCC_WARN_UNDECLARED_SELECTOR = YES;
				GCC_WARN_UNINITIALIZED_AUTOS = YES_AGGRESSIVE;
				GCC_WARN_UNUSED_FUNCTION = YES;
				GCC_WARN_UNUSED_VARIABLE = YES;
				IPHONEOS_DEPLOYMENT_TARGET = 15.2;
				MTL_ENABLE_DEBUG_INFO = NO;
				MTL_FAST_MATH = YES;
				SDKROOT = iphoneos;
				SWIFT_COMPILATION_MODE = wholemodule;
				SWIFT_OPTIMIZATION_LEVEL = "-O";
				VALIDATE_PRODUCT = YES;
			};
			name = Release;
		};
		E595A5F52774465300B6028C /* Debug */ = {
			isa = XCBuildConfiguration;
			buildSettings = {
				ASSETCATALOG_COMPILER_APPICON_NAME = AppIcon;
				ASSETCATALOG_COMPILER_GLOBAL_ACCENT_COLOR_NAME = AccentColor;
				CODE_SIGN_STYLE = Automatic;
				CURRENT_PROJECT_VERSION = 1;
				DEVELOPMENT_ASSET_PATHS = "\"SwiftUILearn/Preview Content\"";
				DEVELOPMENT_TEAM = 5BN4QY5L9F;
				ENABLE_PREVIEWS = YES;
				GENERATE_INFOPLIST_FILE = YES;
				INFOPLIST_KEY_UIApplicationSceneManifest_Generation = YES;
				INFOPLIST_KEY_UIApplicationSupportsIndirectInputEvents = YES;
				INFOPLIST_KEY_UILaunchScreen_Generation = YES;
				INFOPLIST_KEY_UISupportedInterfaceOrientations_iPad = "UIInterfaceOrientationPortrait UIInterfaceOrientationPortraitUpsideDown UIInterfaceOrientationLandscapeLeft UIInterfaceOrientationLandscapeRight";
				INFOPLIST_KEY_UISupportedInterfaceOrientations_iPhone = "UIInterfaceOrientationPortrait UIInterfaceOrientationLandscapeLeft UIInterfaceOrientationLandscapeRight";
				LD_RUNPATH_SEARCH_PATHS = (
					"$(inherited)",
					"@executable_path/Frameworks",
				);
				MARKETING_VERSION = 1.0;
				PRODUCT_BUNDLE_IDENTIFIER = waakemeup.SwiftUILearn;
				PRODUCT_NAME = "$(TARGET_NAME)";
				SWIFT_EMIT_LOC_STRINGS = YES;
				SWIFT_VERSION = 5.0;
				TARGETED_DEVICE_FAMILY = "1,2";
			};
			name = Debug;
		};
		E595A5F62774465300B6028C /* Release */ = {
			isa = XCBuildConfiguration;
			buildSettings = {
				ASSETCATALOG_COMPILER_APPICON_NAME = AppIcon;
				ASSETCATALOG_COMPILER_GLOBAL_ACCENT_COLOR_NAME = AccentColor;
				CODE_SIGN_STYLE = Automatic;
				CURRENT_PROJECT_VERSION = 1;
				DEVELOPMENT_ASSET_PATHS = "\"SwiftUILearn/Preview Content\"";
				DEVELOPMENT_TEAM = 5BN4QY5L9F;
				ENABLE_PREVIEWS = YES;
				GENERATE_INFOPLIST_FILE = YES;
				INFOPLIST_KEY_UIApplicationSceneManifest_Generation = YES;
				INFOPLIST_KEY_UIApplicationSupportsIndirectInputEvents = YES;
				INFOPLIST_KEY_UILaunchScreen_Generation = YES;
				INFOPLIST_KEY_UISupportedInterfaceOrientations_iPad = "UIInterfaceOrientationPortrait UIInterfaceOrientationPortraitUpsideDown UIInterfaceOrientationLandscapeLeft UIInterfaceOrientationLandscapeRight";
				INFOPLIST_KEY_UISupportedInterfaceOrientations_iPhone = "UIInterfaceOrientationPortrait UIInterfaceOrientationLandscapeLeft UIInterfaceOrientationLandscapeRight";
				LD_RUNPATH_SEARCH_PATHS = (
					"$(inherited)",
					"@executable_path/Frameworks",
				);
				MARKETING_VERSION = 1.0;
				PRODUCT_BUNDLE_IDENTIFIER = waakemeup.SwiftUILearn;
				PRODUCT_NAME = "$(TARGET_NAME)";
				SWIFT_EMIT_LOC_STRINGS = YES;
				SWIFT_VERSION = 5.0;
				TARGETED_DEVICE_FAMILY = "1,2";
			};
			name = Release;
		};
/* End XCBuildConfiguration section */

/* Begin XCConfigurationList section */
		E595A5E12774465200B6028C /* Build configuration list for PBXProject "SwiftUILearn" */ = {
			isa = XCConfigurationList;
			buildConfigurations = (
				E595A5F22774465300B6028C /* Debug */,
				E595A5F32774465300B6028C /* Release */,
			);
			defaultConfigurationIsVisible = 0;
			defaultConfigurationName = Release;
		};
		E595A5F42774465300B6028C /* Build configuration list for PBXNativeTarget "SwiftUILearn" */ = {
			isa = XCConfigurationList;
			buildConfigurations = (
				E595A5F52774465300B6028C /* Debug */,
				E595A5F62774465300B6028C /* Release */,
			);
			defaultConfigurationIsVisible = 0;
			defaultConfigurationName = Release;
		};
/* End XCConfigurationList section */
	};
	rootObject = E595A5DE2774465200B6028C /* Project object */;
}
